
Microsoft Visual Studio Solution File, Format Version 12.00
# Visual Studio 15
VisualStudioVersion = 15.0.26730.15
MinimumVisualStudioVersion = 10.0.40219.1
Project("{9A19103F-16F7-4668-BE54-9A1E7A4F7556}") = "RentalBikeSystem", "RentalBikeSystem\RentalBikeSystem.csproj", "{44ACAF92-23D0-4958-B280-0F681A5C4FF2}"
EndProject
Project("{FAE04EC0-301F-11D3-BF4B-00C04F79EFBC}") = "Tests", "Tests\Tests.csproj", "{62B58DC0-EC8D-4B7E-99B1-3638CBEBCCF2}"
EndProject
Global
	GlobalSection(SolutionConfigurationPlatforms) = preSolution
		Debug|Any CPU = Debug|Any CPU
		Release|Any CPU = Release|Any CPU
	EndGlobalSection
	GlobalSection(ProjectConfigurationPlatforms) = postSolution
		{44ACAF92-23D0-4958-B280-0F681A5C4FF2}.Debug|Any CPU.ActiveCfg = Debug|Any CPU
		{44ACAF92-23D0-4958-B280-0F681A5C4FF2}.Debug|Any CPU.Build.0 = Debug|Any CPU
		{44ACAF92-23D0-4958-B280-0F681A5C4FF2}.Release|Any CPU.ActiveCfg = Release|Any CPU
		{44ACAF92-23D0-4958-B280-0F681A5C4FF2}.Release|Any CPU.Build.0 = Release|Any CPU
		{62B58DC0-EC8D-4B7E-99B1-3638CBEBCCF2}.Debug|Any CPU.ActiveCfg = Debug|Any CPU
		{62B58DC0-EC8D-4B7E-99B1-3638CBEBCCF2}.Debug|Any CPU.Build.0 = Debug|Any CPU
		{62B58DC0-EC8D-4B7E-99B1-3638CBEBCCF2}.Release|Any CPU.ActiveCfg = Release|Any CPU
		{62B58DC0-EC8D-4B7E-99B1-3638CBEBCCF2}.Release|Any CPU.Build.0 = Release|Any CPU
	EndGlobalSection
	GlobalSection(SolutionProperties) = preSolution
		HideSolutionNode = FALSE
	EndGlobalSection
	GlobalSection(ExtensibilityGlobals) = postSolution
		SolutionGuid = {92C650C5-2256-49C5-A3C4-6606F46C5F25}
	EndGlobalSection
EndGlobal
